// !$*UTF8*$!
{
	archiveVersion = 1;
	classes = {
	};
	objectVersion = 56;
	objects = {

/* Begin PBXBuildFile section */
		C6204FDF2A7AC6B500C44CE5 /* MenuButton.swift in Sources */ = {isa = PBXBuildFile; fileRef = C6204FDE2A7AC6B500C44CE5 /* MenuButton.swift */; };
		C6204FE12A7AD00100C44CE5 /* MarketDataChart.swift in Sources */ = {isa = PBXBuildFile; fileRef = C6204FE02A7AD00100C44CE5 /* MarketDataChart.swift */; };
		C64134892AE0EAF00085BFBF /* DeviceMotionPages.swift in Sources */ = {isa = PBXBuildFile; fileRef = C64134882AE0EAF00085BFBF /* DeviceMotionPages.swift */; };
		C6717D492A7996AB00B5CC61 /* MobiusNov2023App.swift in Sources */ = {isa = PBXBuildFile; fileRef = C6717D482A7996AB00B5CC61 /* MobiusNov2023App.swift */; };
		C6717D4B2A7996AB00B5CC61 /* ContentView.swift in Sources */ = {isa = PBXBuildFile; fileRef = C6717D4A2A7996AB00B5CC61 /* ContentView.swift */; };
		C6717D4D2A7996AC00B5CC61 /* Assets.xcassets in Resources */ = {isa = PBXBuildFile; fileRef = C6717D4C2A7996AC00B5CC61 /* Assets.xcassets */; };
		C6717D502A7996AC00B5CC61 /* Preview Assets.xcassets in Resources */ = {isa = PBXBuildFile; fileRef = C6717D4F2A7996AC00B5CC61 /* Preview Assets.xcassets */; };
		C6717D572A7996D300B5CC61 /* MotionDetector.swift in Sources */ = {isa = PBXBuildFile; fileRef = C6717D562A7996D300B5CC61 /* MotionDetector.swift */; };
		C6717D592A79A5F100B5CC61 /* StringLiterals.swift in Sources */ = {isa = PBXBuildFile; fileRef = C6717D582A79A5F100B5CC61 /* StringLiterals.swift */; };
		C6717D602A79A6E200B5CC61 /* MotionDataChart.swift in Sources */ = {isa = PBXBuildFile; fileRef = C6717D5F2A79A6E200B5CC61 /* MotionDataChart.swift */; };
		C69C16792A7CEF6900A5664E /* MarketData.swift in Sources */ = {isa = PBXBuildFile; fileRef = C69C16782A7CEF6900A5664E /* MarketData.swift */; };
		C6C240412A7BD9ED001FBDF5 /* NotificationCenterView.swift in Sources */ = {isa = PBXBuildFile; fileRef = C6C240402A7BD9ED001FBDF5 /* NotificationCenterView.swift */; };
		C6D6910B2A7B040700E13C18 /* ChartAxisSwitcher.swift in Sources */ = {isa = PBXBuildFile; fileRef = C6D6910A2A7B040700E13C18 /* ChartAxisSwitcher.swift */; };
/* End PBXBuildFile section */

/* Begin PBXFileReference section */
		C6204FDE2A7AC6B500C44CE5 /* MenuButton.swift */ = {isa = PBXFileReference; lastKnownFileType = sourcecode.swift; path = MenuButton.swift; sourceTree = "<group>"; };
		C6204FE02A7AD00100C44CE5 /* MarketDataChart.swift */ = {isa = PBXFileReference; lastKnownFileType = sourcecode.swift; path = MarketDataChart.swift; sourceTree = "<group>"; };
		C64134882AE0EAF00085BFBF /* DeviceMotionPages.swift */ = {isa = PBXFileReference; lastKnownFileType = sourcecode.swift; path = DeviceMotionPages.swift; sourceTree = "<group>"; };
		C6717D452A7996AB00B5CC61 /* MobiusNov2023.app */ = {isa = PBXFileReference; explicitFileType = wrapper.application; includeInIndex = 0; path = MobiusNov2023.app; sourceTree = BUILT_PRODUCTS_DIR; };
		C6717D482A7996AB00B5CC61 /* MobiusNov2023App.swift */ = {isa = PBXFileReference; lastKnownFileType = sourcecode.swift; path = MobiusNov2023App.swift; sourceTree = "<group>"; };
		C6717D4A2A7996AB00B5CC61 /* ContentView.swift */ = {isa = PBXFileReference; lastKnownFileType = sourcecode.swift; path = ContentView.swift; sourceTree = "<group>"; };
		C6717D4C2A7996AC00B5CC61 /* Assets.xcassets */ = {isa = PBXFileReference; lastKnownFileType = folder.assetcatalog; path = Assets.xcassets; sourceTree = "<group>"; };
		C6717D4F2A7996AC00B5CC61 /* Preview Assets.xcassets */ = {isa = PBXFileReference; lastKnownFileType = folder.assetcatalog; path = "Preview Assets.xcassets"; sourceTree = "<group>"; };
		C6717D562A7996D300B5CC61 /* MotionDetector.swift */ = {isa = PBXFileReference; lastKnownFileType = sourcecode.swift; path = MotionDetector.swift; sourceTree = "<group>"; };
		C6717D582A79A5F100B5CC61 /* StringLiterals.swift */ = {isa = PBXFileReference; lastKnownFileType = sourcecode.swift; path = StringLiterals.swift; sourceTree = "<group>"; };
		C6717D5F2A79A6E200B5CC61 /* MotionDataChart.swift */ = {isa = PBXFileReference; lastKnownFileType = sourcecode.swift; path = MotionDataChart.swift; sourceTree = "<group>"; };
		C69C16782A7CEF6900A5664E /* MarketData.swift */ = {isa = PBXFileReference; lastKnownFileType = sourcecode.swift; path = MarketData.swift; sourceTree = "<group>"; };
		C6C240402A7BD9ED001FBDF5 /* NotificationCenterView.swift */ = {isa = PBXFileReference; lastKnownFileType = sourcecode.swift; path = NotificationCenterView.swift; sourceTree = "<group>"; };
		C6D6910A2A7B040700E13C18 /* ChartAxisSwitcher.swift */ = {isa = PBXFileReference; lastKnownFileType = sourcecode.swift; path = ChartAxisSwitcher.swift; sourceTree = "<group>"; };
/* End PBXFileReference section */

/* Begin PBXFrameworksBuildPhase section */
		C6717D422A7996AB00B5CC61 /* Frameworks */ = {
			isa = PBXFrameworksBuildPhase;
			buildActionMask = 2147483647;
			files = (
			);
			runOnlyForDeploymentPostprocessing = 0;
		};
/* End PBXFrameworksBuildPhase section */

/* Begin PBXGroup section */
		C6717D3C2A7996AB00B5CC61 = {
			isa = PBXGroup;
			children = (
				C6717D472A7996AB00B5CC61 /* MobiusNov2023 */,
				C6717D462A7996AB00B5CC61 /* Products */,
			);
			sourceTree = "<group>";
		};
		C6717D462A7996AB00B5CC61 /* Products */ = {
			isa = PBXGroup;
			children = (
				C6717D452A7996AB00B5CC61 /* MobiusNov2023.app */,
			);
			name = Products;
			sourceTree = "<group>";
		};
		C6717D472A7996AB00B5CC61 /* MobiusNov2023 */ = {
			isa = PBXGroup;
			children = (
				C6717D482A7996AB00B5CC61 /* MobiusNov2023App.swift */,
				C6717D4A2A7996AB00B5CC61 /* ContentView.swift */,
				C6D691092A7ADCEA00E13C18 /* Views */,
				C6717D5C2A79A69100B5CC61 /* CoreMotion */,
				C6717D5B2A79A60F00B5CC61 /* Supporting Files */,
				C6717D4C2A7996AC00B5CC61 /* Assets.xcassets */,
				C6717D4E2A7996AC00B5CC61 /* Preview Content */,
			);
			path = MobiusNov2023;
			sourceTree = "<group>";
		};
		C6717D4E2A7996AC00B5CC61 /* Preview Content */ = {
			isa = PBXGroup;
			children = (
				C6717D4F2A7996AC00B5CC61 /* Preview Assets.xcassets */,
			);
			path = "Preview Content";
			sourceTree = "<group>";
		};
		C6717D5B2A79A60F00B5CC61 /* Supporting Files */ = {
			isa = PBXGroup;
			children = (
				C6717D582A79A5F100B5CC61 /* StringLiterals.swift */,
				C6204FDE2A7AC6B500C44CE5 /* MenuButton.swift */,
				C6D6910A2A7B040700E13C18 /* ChartAxisSwitcher.swift */,
				C69C16782A7CEF6900A5664E /* MarketData.swift */,
			);
			path = "Supporting Files";
			sourceTree = "<group>";
		};
		C6717D5C2A79A69100B5CC61 /* CoreMotion */ = {
			isa = PBXGroup;
			children = (
				C6717D562A7996D300B5CC61 /* MotionDetector.swift */,
			);
			path = CoreMotion;
			sourceTree = "<group>";
		};
		C6D691092A7ADCEA00E13C18 /* Views */ = {
			isa = PBXGroup;
			children = (
				C6204FE02A7AD00100C44CE5 /* MarketDataChart.swift */,
				C6717D5F2A79A6E200B5CC61 /* MotionDataChart.swift */,
				C6C240402A7BD9ED001FBDF5 /* NotificationCenterView.swift */,
				C64134882AE0EAF00085BFBF /* DeviceMotionPages.swift */,
			);
			path = Views;
			sourceTree = "<group>";
		};
/* End PBXGroup section */

/* Begin PBXNativeTarget section */
		C6717D442A7996AB00B5CC61 /* MobiusNov2023 */ = {
			isa = PBXNativeTarget;
			buildConfigurationList = C6717D532A7996AC00B5CC61 /* Build configuration list for PBXNativeTarget "MobiusNov2023" */;
			buildPhases = (
				C6717D412A7996AB00B5CC61 /* Sources */,
				C6717D422A7996AB00B5CC61 /* Frameworks */,
				C6717D432A7996AB00B5CC61 /* Resources */,
			);
			buildRules = (
			);
			dependencies = (
			);
			name = MobiusNov2023;
			productName = MobiusNov2023;
			productReference = C6717D452A7996AB00B5CC61 /* MobiusNov2023.app */;
			productType = "com.apple.product-type.application";
		};
/* End PBXNativeTarget section */

/* Begin PBXProject section */
		C6717D3D2A7996AB00B5CC61 /* Project object */ = {
			isa = PBXProject;
			attributes = {
				BuildIndependentTargetsInParallel = 1;
				LastSwiftUpdateCheck = 1430;
				LastUpgradeCheck = 1430;
				TargetAttributes = {
					C6717D442A7996AB00B5CC61 = {
						CreatedOnToolsVersion = 14.3.1;
					};
				};
			};
			buildConfigurationList = C6717D402A7996AB00B5CC61 /* Build configuration list for PBXProject "MobiusNov2023" */;
			compatibilityVersion = "Xcode 14.0";
			developmentRegion = en;
			hasScannedForEncodings = 0;
			knownRegions = (
				en,
				Base,
			);
			mainGroup = C6717D3C2A7996AB00B5CC61;
			productRefGroup = C6717D462A7996AB00B5CC61 /* Products */;
			projectDirPath = "";
			projectRoot = "";
			targets = (
				C6717D442A7996AB00B5CC61 /* MobiusNov2023 */,
			);
		};
/* End PBXProject section */

/* Begin PBXResourcesBuildPhase section */
		C6717D432A7996AB00B5CC61 /* Resources */ = {
			isa = PBXResourcesBuildPhase;
			buildActionMask = 2147483647;
			files = (
				C6717D502A7996AC00B5CC61 /* Preview Assets.xcassets in Resources */,
				C6717D4D2A7996AC00B5CC61 /* Assets.xcassets in Resources */,
			);
			runOnlyForDeploymentPostprocessing = 0;
		};
/* End PBXResourcesBuildPhase section */

/* Begin PBXSourcesBuildPhase section */
		C6717D412A7996AB00B5CC61 /* Sources */ = {
			isa = PBXSourcesBuildPhase;
			buildActionMask = 2147483647;
			files = (
				C6717D572A7996D300B5CC61 /* MotionDetector.swift in Sources */,
				C6717D4B2A7996AB00B5CC61 /* ContentView.swift in Sources */,
				C6D6910B2A7B040700E13C18 /* ChartAxisSwitcher.swift in Sources */,
				C6204FDF2A7AC6B500C44CE5 /* MenuButton.swift in Sources */,
				C6717D602A79A6E200B5CC61 /* MotionDataChart.swift in Sources */,
				C6717D592A79A5F100B5CC61 /* StringLiterals.swift in Sources */,
				C6204FE12A7AD00100C44CE5 /* MarketDataChart.swift in Sources */,
				C6C240412A7BD9ED001FBDF5 /* NotificationCenterView.swift in Sources */,
				C6717D492A7996AB00B5CC61 /* MobiusNov2023App.swift in Sources */,
				C69C16792A7CEF6900A5664E /* MarketData.swift in Sources */,
				C64134892AE0EAF00085BFBF /* DeviceMotionPages.swift in Sources */,
			);
			runOnlyForDeploymentPostprocessing = 0;
		};
/* End PBXSourcesBuildPhase section */

/* Begin XCBuildConfiguration section */
		C6717D512A7996AC00B5CC61 /* Debug */ = {
			isa = XCBuildConfiguration;
			buildSettings = {
				ALWAYS_SEARCH_USER_PATHS = NO;
				CLANG_ANALYZER_NONNULL = YES;
				CLANG_ANALYZER_NUMBER_OBJECT_CONVERSION = YES_AGGRESSIVE;
				CLANG_CXX_LANGUAGE_STANDARD = "gnu++20";
				CLANG_ENABLE_MODULES = YES;
				CLANG_ENABLE_OBJC_ARC = YES;
				CLANG_ENABLE_OBJC_WEAK = YES;
				CLANG_WARN_BLOCK_CAPTURE_AUTORELEASING = YES;
				CLANG_WARN_BOOL_CONVERSION = YES;
				CLANG_WARN_COMMA = YES;
				CLANG_WARN_CONSTANT_CONVERSION = YES;
				CLANG_WARN_DEPRECATED_OBJC_IMPLEMENTATIONS = YES;
				CLANG_WARN_DIRECT_OBJC_ISA_USAGE = YES_ERROR;
				CLANG_WARN_DOCUMENTATION_COMMENTS = YES;
				CLANG_WARN_EMPTY_BODY = YES;
				CLANG_WARN_ENUM_CONVERSION = YES;
				CLANG_WARN_INFINITE_RECURSION = YES;
				CLANG_WARN_INT_CONVERSION = YES;
				CLANG_WARN_NON_LITERAL_NULL_CONVERSION = YES;
				CLANG_WARN_OBJC_IMPLICIT_RETAIN_SELF = YES;
				CLANG_WARN_OBJC_LITERAL_CONVERSION = YES;
				CLANG_WARN_OBJC_ROOT_CLASS = YES_ERROR;
				CLANG_WARN_QUOTED_INCLUDE_IN_FRAMEWORK_HEADER = YES;
				CLANG_WARN_RANGE_LOOP_ANALYSIS = YES;
				CLANG_WARN_STRICT_PROTOTYPES = YES;
				CLANG_WARN_SUSPICIOUS_MOVE = YES;
				CLANG_WARN_UNGUARDED_AVAILABILITY = YES_AGGRESSIVE;
				CLANG_WARN_UNREACHABLE_CODE = YES;
				CLANG_WARN__DUPLICATE_METHOD_MATCH = YES;
				COPY_PHASE_STRIP = NO;
				DEBUG_INFORMATION_FORMAT = dwarf;
				ENABLE_STRICT_OBJC_MSGSEND = YES;
				ENABLE_TESTABILITY = YES;
				GCC_C_LANGUAGE_STANDARD = gnu11;
				GCC_DYNAMIC_NO_PIC = NO;
				GCC_NO_COMMON_BLOCKS = YES;
				GCC_OPTIMIZATION_LEVEL = 0;
				GCC_PREPROCESSOR_DEFINITIONS = (
					"DEBUG=1",
					"$(inherited)",
				);
				GCC_WARN_64_TO_32_BIT_CONVERSION = YES;
				GCC_WARN_ABOUT_RETURN_TYPE = YES_ERROR;
				GCC_WARN_UNDECLARED_SELECTOR = YES;
				GCC_WARN_UNINITIALIZED_AUTOS = YES_AGGRESSIVE;
				GCC_WARN_UNUSED_FUNCTION = YES;
				GCC_WARN_UNUSED_VARIABLE = YES;
				IPHONEOS_DEPLOYMENT_TARGET = 16.4;
				MTL_ENABLE_DEBUG_INFO = INCLUDE_SOURCE;
				MTL_FAST_MATH = YES;
				ONLY_ACTIVE_ARCH = YES;
				SDKROOT = iphoneos;
				SWIFT_ACTIVE_COMPILATION_CONDITIONS = DEBUG;
				SWIFT_OPTIMIZATION_LEVEL = "-Onone";
			};
			name = Debug;
		};
		C6717D522A7996AC00B5CC61 /* Release */ = {
			isa = XCBuildConfiguration;
			buildSettings = {
				ALWAYS_SEARCH_USER_PATHS = NO;
				CLANG_ANALYZER_NONNULL = YES;
				CLANG_ANALYZER_NUMBER_OBJECT_CONVERSION = YES_AGGRESSIVE;
				CLANG_CXX_LANGUAGE_STANDARD = "gnu++20";
				CLANG_ENABLE_MODULES = YES;
				CLANG_ENABLE_OBJC_ARC = YES;
				CLANG_ENABLE_OBJC_WEAK = YES;
				CLANG_WARN_BLOCK_CAPTURE_AUTORELEASING = YES;
				CLANG_WARN_BOOL_CONVERSION = YES;
				CLANG_WARN_COMMA = YES;
				CLANG_WARN_CONSTANT_CONVERSION = YES;
				CLANG_WARN_DEPRECATED_OBJC_IMPLEMENTATIONS = YES;
				CLANG_WARN_DIRECT_OBJC_ISA_USAGE = YES_ERROR;
				CLANG_WARN_DOCUMENTATION_COMMENTS = YES;
				CLANG_WARN_EMPTY_BODY = YES;
				CLANG_WARN_ENUM_CONVERSION = YES;
				CLANG_WARN_INFINITE_RECURSION = YES;
				CLANG_WARN_INT_CONVERSION = YES;
				CLANG_WARN_NON_LITERAL_NULL_CONVERSION = YES;
				CLANG_WARN_OBJC_IMPLICIT_RETAIN_SELF = YES;
				CLANG_WARN_OBJC_LITERAL_CONVERSION = YES;
				CLANG_WARN_OBJC_ROOT_CLASS = YES_ERROR;
				CLANG_WARN_QUOTED_INCLUDE_IN_FRAMEWORK_HEADER = YES;
				CLANG_WARN_RANGE_LOOP_ANALYSIS = YES;
				CLANG_WARN_STRICT_PROTOTYPES = YES;
				CLANG_WARN_SUSPICIOUS_MOVE = YES;
				CLANG_WARN_UNGUARDED_AVAILABILITY = YES_AGGRESSIVE;
				CLANG_WARN_UNREACHABLE_CODE = YES;
				CLANG_WARN__DUPLICATE_METHOD_MATCH = YES;
				COPY_PHASE_STRIP = NO;
				DEBUG_INFORMATION_FORMAT = "dwarf-with-dsym";
				ENABLE_NS_ASSERTIONS = NO;
				ENABLE_STRICT_OBJC_MSGSEND = YES;
				GCC_C_LANGUAGE_STANDARD = gnu11;
				GCC_NO_COMMON_BLOCKS = YES;
				GCC_WARN_64_TO_32_BIT_CONVERSION = YES;
				GCC_WARN_ABOUT_RETURN_TYPE = YES_ERROR;
				GCC_WARN_UNDECLARED_SELECTOR = YES;
				GCC_WARN_UNINITIALIZED_AUTOS = YES_AGGRESSIVE;
				GCC_WARN_UNUSED_FUNCTION = YES;
				GCC_WARN_UNUSED_VARIABLE = YES;
				IPHONEOS_DEPLOYMENT_TARGET = 16.4;
				MTL_ENABLE_DEBUG_INFO = NO;
				MTL_FAST_MATH = YES;
				SDKROOT = iphoneos;
				SWIFT_COMPILATION_MODE = wholemodule;
				SWIFT_OPTIMIZATION_LEVEL = "-O";
				VALIDATE_PRODUCT = YES;
			};
			name = Release;
		};
		C6717D542A7996AC00B5CC61 /* Debug */ = {
			isa = XCBuildConfiguration;
			buildSettings = {
				ASSETCATALOG_COMPILER_APPICON_NAME = AppIcon;
				ASSETCATALOG_COMPILER_GLOBAL_ACCENT_COLOR_NAME = AccentColor;
				CODE_SIGN_STYLE = Automatic;
				CURRENT_PROJECT_VERSION = 1;
				DEVELOPMENT_ASSET_PATHS = "\"MobiusNov2023/Preview Content\"";
				DEVELOPMENT_TEAM = BZ8VES924R;
				ENABLE_PREVIEWS = YES;
				GENERATE_INFOPLIST_FILE = YES;
				INFOPLIST_KEY_UIApplicationSceneManifest_Generation = YES;
				INFOPLIST_KEY_UIApplicationSupportsIndirectInputEvents = YES;
				INFOPLIST_KEY_UILaunchScreen_Generation = YES;
				INFOPLIST_KEY_UISupportedInterfaceOrientations = "UIInterfaceOrientationLandscapeLeft UIInterfaceOrientationLandscapeRight UIInterfaceOrientationPortrait UIInterfaceOrientationPortraitUpsideDown";
				LD_RUNPATH_SEARCH_PATHS = (
					"$(inherited)",
					"@executable_path/Frameworks",
				);
				MARKETING_VERSION = 1.0;
				PRODUCT_BUNDLE_IDENTIFIER = migdisov.vsevolod.MobiusNov2023;
				PRODUCT_NAME = "$(TARGET_NAME)";
				SWIFT_EMIT_LOC_STRINGS = YES;
				SWIFT_VERSION = 5.0;
				TARGETED_DEVICE_FAMILY = "1,2";
			};
			name = Debug;
		};
		C6717D552A7996AC00B5CC61 /* Release */ = {
			isa = XCBuildConfiguration;
			buildSettings = {
				ASSETCATALOG_COMPILER_APPICON_NAME = AppIcon;
				ASSETCATALOG_COMPILER_GLOBAL_ACCENT_COLOR_NAME = AccentColor;
				CODE_SIGN_STYLE = Automatic;
				CURRENT_PROJECT_VERSION = 1;
				DEVELOPMENT_ASSET_PATHS = "\"MobiusNov2023/Preview Content\"";
				DEVELOPMENT_TEAM = BZ8VES924R;
				ENABLE_PREVIEWS = YES;
				GENERATE_INFOPLIST_FILE = YES;
				INFOPLIST_KEY_UIApplicationSceneManifest_Generation = YES;
				INFOPLIST_KEY_UIApplicationSupportsIndirectInputEvents = YES;
				INFOPLIST_KEY_UILaunchScreen_Generation = YES;
				INFOPLIST_KEY_UISupportedInterfaceOrientations = "UIInterfaceOrientationLandscapeLeft UIInterfaceOrientationLandscapeRight UIInterfaceOrientationPortrait UIInterfaceOrientationPortraitUpsideDown";
				LD_RUNPATH_SEARCH_PATHS = (
					"$(inherited)",
					"@executable_path/Frameworks",
				);
				MARKETING_VERSION = 1.0;
				PRODUCT_BUNDLE_IDENTIFIER = migdisov.vsevolod.MobiusNov2023;
				PRODUCT_NAME = "$(TARGET_NAME)";
				SWIFT_EMIT_LOC_STRINGS = YES;
				SWIFT_VERSION = 5.0;
				TARGETED_DEVICE_FAMILY = "1,2";
			};
			name = Release;
		};
/* End XCBuildConfiguration section */

/* Begin XCConfigurationList section */
		C6717D402A7996AB00B5CC61 /* Build configuration list for PBXProject "MobiusNov2023" */ = {
			isa = XCConfigurationList;
			buildConfigurations = (
				C6717D512A7996AC00B5CC61 /* Debug */,
				C6717D522A7996AC00B5CC61 /* Release */,
			);
			defaultConfigurationIsVisible = 0;
			defaultConfigurationName = Release;
		};
		C6717D532A7996AC00B5CC61 /* Build configuration list for PBXNativeTarget "MobiusNov2023" */ = {
			isa = XCConfigurationList;
			buildConfigurations = (
				C6717D542A7996AC00B5CC61 /* Debug */,
				C6717D552A7996AC00B5CC61 /* Release */,
			);
			defaultConfigurationIsVisible = 0;
			defaultConfigurationName = Release;
		};
/* End XCConfigurationList section */
	};
	rootObject = C6717D3D2A7996AB00B5CC61 /* Project object */;
}
